
Microsoft Visual Studio Solution File, Format Version 12.00
# Visual Studio 2013
VisualStudioVersion = 12.0.40629.0
MinimumVisualStudioVersion = 10.0.40219.1
Project("{FAE04EC0-301F-11D3-BF4B-00C04F79EFBC}") = "Workbooster.UmbracoDynamicWebservice.Plugin", "Workbooster.UmbracoDynamicWebservice.Plugin\Workbooster.UmbracoDynamicWebservice.Plugin.csproj", "{9F14F2B5-9F67-417F-9B66-15F6E26ECECD}"
EndProject
Project("{FAE04EC0-301F-11D3-BF4B-00C04F79EFBC}") = "Workbooster.UmbracoDynamicWebservice.Interfaces", "Workbooster.UmbracoDynamicWebservice.Interfaces\Workbooster.UmbracoDynamicWebservice.Interfaces.csproj", "{0ABE2A48-6E41-4DEE-8135-61C072A7F3B4}"
EndProject
Global
	GlobalSection(SolutionConfigurationPlatforms) = preSolution
		Debug|Any CPU = Debug|Any CPU
		Release|Any CPU = Release|Any CPU
	EndGlobalSection
	GlobalSection(ProjectConfigurationPlatforms) = postSolution
		{9F14F2B5-9F67-417F-9B66-15F6E26ECECD}.Debug|Any CPU.ActiveCfg = Debug|Any CPU
		{9F14F2B5-9F67-417F-9B66-15F6E26ECECD}.Debug|Any CPU.Build.0 = Debug|Any CPU
		{9F14F2B5-9F67-417F-9B66-15F6E26ECECD}.Release|Any CPU.ActiveCfg = Release|Any CPU
		{9F14F2B5-9F67-417F-9B66-15F6E26ECECD}.Release|Any CPU.Build.0 = Release|Any CPU
		{0ABE2A48-6E41-4DEE-8135-61C072A7F3B4}.Debug|Any CPU.ActiveCfg = Debug|Any CPU
		{0ABE2A48-6E41-4DEE-8135-61C072A7F3B4}.Debug|Any CPU.Build.0 = Debug|Any CPU
		{0ABE2A48-6E41-4DEE-8135-61C072A7F3B4}.Release|Any CPU.ActiveCfg = Release|Any CPU
		{0ABE2A48-6E41-4DEE-8135-61C072A7F3B4}.Release|Any CPU.Build.0 = Release|Any CPU
	EndGlobalSection
	GlobalSection(SolutionProperties) = preSolution
		HideSolutionNode = FALSE
	EndGlobalSection
EndGlobal
